
Microsoft Visual Studio Solution File, Format Version 12.00
# Visual Studio 15
VisualStudioVersion = 15.0.28307.705
MinimumVisualStudioVersion = 10.0.40219.1
Project("{FAE04EC0-301F-11D3-BF4B-00C04F79EFBC}") = "GYM", "GYM\GYM.csproj", "{87517606-A137-4CF0-A7EB-72F2CBE3571C}"
EndProject
Global
	GlobalSection(SolutionConfigurationPlatforms) = preSolution
		Debug|Any CPU = Debug|Any CPU
		Release|Any CPU = Release|Any CPU
	EndGlobalSection
	GlobalSection(ProjectConfigurationPlatforms) = postSolution
		{87517606-A137-4CF0-A7EB-72F2CBE3571C}.Debug|Any CPU.ActiveCfg = Debug|Any CPU
		{87517606-A137-4CF0-A7EB-72F2CBE3571C}.Debug|Any CPU.Build.0 = Debug|Any CPU
		{87517606-A137-4CF0-A7EB-72F2CBE3571C}.Release|Any CPU.ActiveCfg = Release|Any CPU
		{87517606-A137-4CF0-A7EB-72F2CBE3571C}.Release|Any CPU.Build.0 = Release|Any CPU
	EndGlobalSection
	GlobalSection(SolutionProperties) = preSolution
		HideSolutionNode = FALSE
	EndGlobalSection
	GlobalSection(ExtensibilityGlobals) = postSolution
		SolutionGuid = {06D22D11-EC5D-45D8-B1B8-3A683949C8C4}
	EndGlobalSection
EndGlobal
